
Microsoft Visual Studio Solution File, Format Version 12.00
# Visual Studio Version 16
VisualStudioVersion = 16.0.31605.320
MinimumVisualStudioVersion = 10.0.40219.1
Project("{9A19103F-16F7-4668-BE54-9A1E7A4F7556}") = "prueba 1.common", "prueba 1.common\prueba 1.common.csproj", "{D7DEF189-0ACE-413F-A22C-2E520DF17F47}"
EndProject
Project("{9A19103F-16F7-4668-BE54-9A1E7A4F7556}") = "prueba 1.function", "prueba 1.function\prueba 1.function.csproj", "{5005F275-14B8-4F0A-80CD-2CE28395A6EA}"
EndProject
Project("{FAE04EC0-301F-11D3-BF4B-00C04F79EFBC}") = "prueba 1.test", "prueba 1.test\prueba 1.test.csproj", "{8E4CA620-6A31-44FE-8C4C-95B831197FA0}"
EndProject
Global
	GlobalSection(SolutionConfigurationPlatforms) = preSolution
		Debug|Any CPU = Debug|Any CPU
		Release|Any CPU = Release|Any CPU
	EndGlobalSection
	GlobalSection(ProjectConfigurationPlatforms) = postSolution
		{D7DEF189-0ACE-413F-A22C-2E520DF17F47}.Debug|Any CPU.ActiveCfg = Debug|Any CPU
		{D7DEF189-0ACE-413F-A22C-2E520DF17F47}.Debug|Any CPU.Build.0 = Debug|Any CPU
		{D7DEF189-0ACE-413F-A22C-2E520DF17F47}.Release|Any CPU.ActiveCfg = Release|Any CPU
		{D7DEF189-0ACE-413F-A22C-2E520DF17F47}.Release|Any CPU.Build.0 = Release|Any CPU
		{5005F275-14B8-4F0A-80CD-2CE28395A6EA}.Debug|Any CPU.ActiveCfg = Debug|Any CPU
		{5005F275-14B8-4F0A-80CD-2CE28395A6EA}.Debug|Any CPU.Build.0 = Debug|Any CPU
		{5005F275-14B8-4F0A-80CD-2CE28395A6EA}.Release|Any CPU.ActiveCfg = Release|Any CPU
		{5005F275-14B8-4F0A-80CD-2CE28395A6EA}.Release|Any CPU.Build.0 = Release|Any CPU
		{8E4CA620-6A31-44FE-8C4C-95B831197FA0}.Debug|Any CPU.ActiveCfg = Debug|Any CPU
		{8E4CA620-6A31-44FE-8C4C-95B831197FA0}.Debug|Any CPU.Build.0 = Debug|Any CPU
		{8E4CA620-6A31-44FE-8C4C-95B831197FA0}.Release|Any CPU.ActiveCfg = Release|Any CPU
		{8E4CA620-6A31-44FE-8C4C-95B831197FA0}.Release|Any CPU.Build.0 = Release|Any CPU
	EndGlobalSection
	GlobalSection(SolutionProperties) = preSolution
		HideSolutionNode = FALSE
	EndGlobalSection
	GlobalSection(ExtensibilityGlobals) = postSolution
		SolutionGuid = {B988B41E-4BE8-471F-84A9-E2DE7A4A908D}
	EndGlobalSection
EndGlobal
